PODS:
  - Flutter (1.0.0)
  - Purchasely (3.1.0)
  - purchasely_flutter (0.0.1):
    - Flutter
    - Purchasely (= 3.1.0)

DEPENDENCIES:
  - Flutter (from `Flutter`)
  - purchasely_flutter (from `.symlinks/plugins/purchasely_flutter/ios`)

SPEC REPOS:
  trunk:
    - Purchasely

EXTERNAL SOURCES:
  Flutter:
    :path: Flutter
  purchasely_flutter:
    :path: ".symlinks/plugins/purchasely_flutter/ios"

SPEC CHECKSUMS:
  Flutter: 50d75fe2f02b26cc09d224853bb45737f8b3214a
  Purchasely: 9097328b7df77c21720125bf35f531c72b86b299
  purchasely_flutter: f911422ef9895e15cffb56740c850ca963f3289e

PODFILE CHECKSUM: cc1f88378b4bfcf93a6ce00d2c587857c6008d3b

COCOAPODS: 1.11.2
