PODS:
  - Flutter (1.0.0)
  - Purchasely (3.2.3)
  - purchasely_flutter (1.2.4):
    - Flutter
    - Purchasely (= 3.2.3)

DEPENDENCIES:
  - Flutter (from `Flutter`)
  - purchasely_flutter (from `.symlinks/plugins/purchasely_flutter/ios`)

SPEC REPOS:
  trunk:
    - Purchasely

EXTERNAL SOURCES:
  Flutter:
    :path: Flutter
  purchasely_flutter:
    :path: ".symlinks/plugins/purchasely_flutter/ios"

SPEC CHECKSUMS:
  Flutter: 50d75fe2f02b26cc09d224853bb45737f8b3214a
  Purchasely: a8519b9e102dcf185f64fdc756a36e50f97352dd
  purchasely_flutter: 06f2f9c2214e984ac01c41a5611f5257be7b5615

PODFILE CHECKSUM: d0d93b472ab28e9505079855e269330a18291ba1

COCOAPODS: 1.11.3
