PODS:
  - Flutter (1.0.0)
  - Purchasely (5.5.0)
  - purchasely_flutter (1.2.4):
    - Flutter
    - Purchasely (= 5.5.0)

DEPENDENCIES:
  - Flutter (from `Flutter`)
  - purchasely_flutter (from `.symlinks/plugins/purchasely_flutter/ios`)

SPEC REPOS:
  trunk:
    - Purchasely

EXTERNAL SOURCES:
  Flutter:
    :path: Flutter
  purchasely_flutter:
    :path: ".symlinks/plugins/purchasely_flutter/ios"

SPEC CHECKSUMS:
  Flutter: e0871f40cf51350855a761d2e70bf5af5b9b5de7
  Purchasely: 08c59a2bc706a6f907d1f7a9cfa173d77796f018
  purchasely_flutter: ca1fcc3b5e3607d1652682dfde3cb3a2bed83ced

PODFILE CHECKSUM: 061d8e06047b301e00c8c24269d3b46c3c480af2

COCOAPODS: 1.16.2
